// !$*UTF8*$!
{
	archiveVersion = 1;
	classes = {
	};
	objectVersion = 56;
	objects = {

/* Begin PBXBuildFile section */
		C44943162A3EA660007ED5FD /* AppDelegate.swift in Sources */ = {isa = PBXBuildFile; fileRef = C44943152A3EA660007ED5FD /* AppDelegate.swift */; };
		C44943182A3EA660007ED5FD /* SceneDelegate.swift in Sources */ = {isa = PBXBuildFile; fileRef = C44943172A3EA660007ED5FD /* SceneDelegate.swift */; };
		C449431A2A3EA660007ED5FD /* ViewController.swift in Sources */ = {isa = PBXBuildFile; fileRef = C44943192A3EA660007ED5FD /* ViewController.swift */; };
		C449431D2A3EA660007ED5FD /* Main.storyboard in Resources */ = {isa = PBXBuildFile; fileRef = C449431B2A3EA660007ED5FD /* Main.storyboard */; };
		C449431F2A3EA661007ED5FD /* Assets.xcassets in Resources */ = {isa = PBXBuildFile; fileRef = C449431E2A3EA661007ED5FD /* Assets.xcassets */; };
		C44943222A3EA661007ED5FD /* LaunchScreen.storyboard in Resources */ = {isa = PBXBuildFile; fileRef = C44943202A3EA661007ED5FD /* LaunchScreen.storyboard */; };
		C449432D2A3EA661007ED5FD /* Our_RatingTests.swift in Sources */ = {isa = PBXBuildFile; fileRef = C449432C2A3EA661007ED5FD /* Our_RatingTests.swift */; };
		C44943372A3EA661007ED5FD /* Our_RatingUITests.swift in Sources */ = {isa = PBXBuildFile; fileRef = C44943362A3EA661007ED5FD /* Our_RatingUITests.swift */; };
		C44943392A3EA661007ED5FD /* Our_RatingUITestsLaunchTests.swift in Sources */ = {isa = PBXBuildFile; fileRef = C44943382A3EA661007ED5FD /* Our_RatingUITestsLaunchTests.swift */; };
/* End PBXBuildFile section */

/* Begin PBXContainerItemProxy section */
		C44943292A3EA661007ED5FD /* PBXContainerItemProxy */ = {
			isa = PBXContainerItemProxy;
			containerPortal = C449430A2A3EA660007ED5FD /* Project object */;
			proxyType = 1;
			remoteGlobalIDString = C44943112A3EA660007ED5FD;
			remoteInfo = Our_Rating;
		};
		C44943332A3EA661007ED5FD /* PBXContainerItemProxy */ = {
			isa = PBXContainerItemProxy;
			containerPortal = C449430A2A3EA660007ED5FD /* Project object */;
			proxyType = 1;
			remoteGlobalIDString = C44943112A3EA660007ED5FD;
			remoteInfo = Our_Rating;
		};
/* End PBXContainerItemProxy section */

/* Begin PBXFileReference section */
		C44943122A3EA660007ED5FD /* Our_Rating.app */ = {isa = PBXFileReference; explicitFileType = wrapper.application; includeInIndex = 0; path = Our_Rating.app; sourceTree = BUILT_PRODUCTS_DIR; };
		C44943152A3EA660007ED5FD /* AppDelegate.swift */ = {isa = PBXFileReference; lastKnownFileType = sourcecode.swift; path = AppDelegate.swift; sourceTree = "<group>"; };
		C44943172A3EA660007ED5FD /* SceneDelegate.swift */ = {isa = PBXFileReference; lastKnownFileType = sourcecode.swift; path = SceneDelegate.swift; sourceTree = "<group>"; };
		C44943192A3EA660007ED5FD /* ViewController.swift */ = {isa = PBXFileReference; lastKnownFileType = sourcecode.swift; path = ViewController.swift; sourceTree = "<group>"; };
		C449431C2A3EA660007ED5FD /* Base */ = {isa = PBXFileReference; lastKnownFileType = file.storyboard; name = Base; path = Base.lproj/Main.storyboard; sourceTree = "<group>"; };
		C449431E2A3EA661007ED5FD /* Assets.xcassets */ = {isa = PBXFileReference; lastKnownFileType = folder.assetcatalog; path = Assets.xcassets; sourceTree = "<group>"; };
		C44943212A3EA661007ED5FD /* Base */ = {isa = PBXFileReference; lastKnownFileType = file.storyboard; name = Base; path = Base.lproj/LaunchScreen.storyboard; sourceTree = "<group>"; };
		C44943232A3EA661007ED5FD /* Info.plist */ = {isa = PBXFileReference; lastKnownFileType = text.plist.xml; path = Info.plist; sourceTree = "<group>"; };
		C44943282A3EA661007ED5FD /* Our_RatingTests.xctest */ = {isa = PBXFileReference; explicitFileType = wrapper.cfbundle; includeInIndex = 0; path = Our_RatingTests.xctest; sourceTree = BUILT_PRODUCTS_DIR; };
		C449432C2A3EA661007ED5FD /* Our_RatingTests.swift */ = {isa = PBXFileReference; lastKnownFileType = sourcecode.swift; path = Our_RatingTests.swift; sourceTree = "<group>"; };
		C44943322A3EA661007ED5FD /* Our_RatingUITests.xctest */ = {isa = PBXFileReference; explicitFileType = wrapper.cfbundle; includeInIndex = 0; path = Our_RatingUITests.xctest; sourceTree = BUILT_PRODUCTS_DIR; };
		C44943362A3EA661007ED5FD /* Our_RatingUITests.swift */ = {isa = PBXFileReference; lastKnownFileType = sourcecode.swift; path = Our_RatingUITests.swift; sourceTree = "<group>"; };
		C44943382A3EA661007ED5FD /* Our_RatingUITestsLaunchTests.swift */ = {isa = PBXFileReference; lastKnownFileType = sourcecode.swift; path = Our_RatingUITestsLaunchTests.swift; sourceTree = "<group>"; };
/* End PBXFileReference section */

/* Begin PBXFrameworksBuildPhase section */
		C449430F2A3EA660007ED5FD /* Frameworks */ = {
			isa = PBXFrameworksBuildPhase;
			buildActionMask = 2147483647;
			files = (
			);
			runOnlyForDeploymentPostprocessing = 0;
		};
		C44943252A3EA661007ED5FD /* Frameworks */ = {
			isa = PBXFrameworksBuildPhase;
			buildActionMask = 2147483647;
			files = (
			);
			runOnlyForDeploymentPostprocessing = 0;
		};
		C449432F2A3EA661007ED5FD /* Frameworks */ = {
			isa = PBXFrameworksBuildPhase;
			buildActionMask = 2147483647;
			files = (
			);
			runOnlyForDeploymentPostprocessing = 0;
		};
/* End PBXFrameworksBuildPhase section */

/* Begin PBXGroup section */
		C44943092A3EA660007ED5FD = {
			isa = PBXGroup;
			children = (
				C44943142A3EA660007ED5FD /* Our_Rating */,
				C449432B2A3EA661007ED5FD /* Our_RatingTests */,
				C44943352A3EA661007ED5FD /* Our_RatingUITests */,
				C44943132A3EA660007ED5FD /* Products */,
			);
			sourceTree = "<group>";
		};
		C44943132A3EA660007ED5FD /* Products */ = {
			isa = PBXGroup;
			children = (
				C44943122A3EA660007ED5FD /* Our_Rating.app */,
				C44943282A3EA661007ED5FD /* Our_RatingTests.xctest */,
				C44943322A3EA661007ED5FD /* Our_RatingUITests.xctest */,
			);
			name = Products;
			sourceTree = "<group>";
		};
		C44943142A3EA660007ED5FD /* Our_Rating */ = {
			isa = PBXGroup;
			children = (
				C44943152A3EA660007ED5FD /* AppDelegate.swift */,
				C44943172A3EA660007ED5FD /* SceneDelegate.swift */,
				C44943192A3EA660007ED5FD /* ViewController.swift */,
				C449431B2A3EA660007ED5FD /* Main.storyboard */,
				C449431E2A3EA661007ED5FD /* Assets.xcassets */,
				C44943202A3EA661007ED5FD /* LaunchScreen.storyboard */,
				C44943232A3EA661007ED5FD /* Info.plist */,
			);
			path = Our_Rating;
			sourceTree = "<group>";
		};
		C449432B2A3EA661007ED5FD /* Our_RatingTests */ = {
			isa = PBXGroup;
			children = (
				C449432C2A3EA661007ED5FD /* Our_RatingTests.swift */,
			);
			path = Our_RatingTests;
			sourceTree = "<group>";
		};
		C44943352A3EA661007ED5FD /* Our_RatingUITests */ = {
			isa = PBXGroup;
			children = (
				C44943362A3EA661007ED5FD /* Our_RatingUITests.swift */,
				C44943382A3EA661007ED5FD /* Our_RatingUITestsLaunchTests.swift */,
			);
			path = Our_RatingUITests;
			sourceTree = "<group>";
		};
/* End PBXGroup section */

/* Begin PBXNativeTarget section */
		C44943112A3EA660007ED5FD /* Our_Rating */ = {
			isa = PBXNativeTarget;
			buildConfigurationList = C449433C2A3EA661007ED5FD /* Build configuration list for PBXNativeTarget "Our_Rating" */;
			buildPhases = (
				C449430E2A3EA660007ED5FD /* Sources */,
				C449430F2A3EA660007ED5FD /* Frameworks */,
				C44943102A3EA660007ED5FD /* Resources */,
			);
			buildRules = (
			);
			dependencies = (
			);
			name = Our_Rating;
			productName = Our_Rating;
			productReference = C44943122A3EA660007ED5FD /* Our_Rating.app */;
			productType = "com.apple.product-type.application";
		};
		C44943272A3EA661007ED5FD /* Our_RatingTests */ = {
			isa = PBXNativeTarget;
			buildConfigurationList = C449433F2A3EA661007ED5FD /* Build configuration list for PBXNativeTarget "Our_RatingTests" */;
			buildPhases = (
				C44943242A3EA661007ED5FD /* Sources */,
				C44943252A3EA661007ED5FD /* Frameworks */,
				C44943262A3EA661007ED5FD /* Resources */,
			);
			buildRules = (
			);
			dependencies = (
				C449432A2A3EA661007ED5FD /* PBXTargetDependency */,
			);
			name = Our_RatingTests;
			productName = Our_RatingTests;
			productReference = C44943282A3EA661007ED5FD /* Our_RatingTests.xctest */;
			productType = "com.apple.product-type.bundle.unit-test";
		};
		C44943312A3EA661007ED5FD /* Our_RatingUITests */ = {
			isa = PBXNativeTarget;
			buildConfigurationList = C44943422A3EA661007ED5FD /* Build configuration list for PBXNativeTarget "Our_RatingUITests" */;
			buildPhases = (
				C449432E2A3EA661007ED5FD /* Sources */,
				C449432F2A3EA661007ED5FD /* Frameworks */,
				C44943302A3EA661007ED5FD /* Resources */,
			);
			buildRules = (
			);
			dependencies = (
				C44943342A3EA661007ED5FD /* PBXTargetDependency */,
			);
			name = Our_RatingUITests;
			productName = Our_RatingUITests;
			productReference = C44943322A3EA661007ED5FD /* Our_RatingUITests.xctest */;
			productType = "com.apple.product-type.bundle.ui-testing";
		};
/* End PBXNativeTarget section */

/* Begin PBXProject section */
		C449430A2A3EA660007ED5FD /* Project object */ = {
			isa = PBXProject;
			attributes = {
				BuildIndependentTargetsInParallel = 1;
				LastSwiftUpdateCheck = 1430;
				LastUpgradeCheck = 1430;
				TargetAttributes = {
					C44943112A3EA660007ED5FD = {
						CreatedOnToolsVersion = 14.3.1;
					};
					C44943272A3EA661007ED5FD = {
						CreatedOnToolsVersion = 14.3.1;
						TestTargetID = C44943112A3EA660007ED5FD;
					};
					C44943312A3EA661007ED5FD = {
						CreatedOnToolsVersion = 14.3.1;
						TestTargetID = C44943112A3EA660007ED5FD;
					};
				};
			};
			buildConfigurationList = C449430D2A3EA660007ED5FD /* Build configuration list for PBXProject "Our_Rating" */;
			compatibilityVersion = "Xcode 14.0";
			developmentRegion = en;
			hasScannedForEncodings = 0;
			knownRegions = (
				en,
				Base,
			);
			mainGroup = C44943092A3EA660007ED5FD;
			productRefGroup = C44943132A3EA660007ED5FD /* Products */;
			projectDirPath = "";
			projectRoot = "";
			targets = (
				C44943112A3EA660007ED5FD /* Our_Rating */,
				C44943272A3EA661007ED5FD /* Our_RatingTests */,
				C44943312A3EA661007ED5FD /* Our_RatingUITests */,
			);
		};
/* End PBXProject section */

/* Begin PBXResourcesBuildPhase section */
		C44943102A3EA660007ED5FD /* Resources */ = {
			isa = PBXResourcesBuildPhase;
			buildActionMask = 2147483647;
			files = (
				C44943222A3EA661007ED5FD /* LaunchScreen.storyboard in Resources */,
				C449431F2A3EA661007ED5FD /* Assets.xcassets in Resources */,
				C449431D2A3EA660007ED5FD /* Main.storyboard in Resources */,
			);
			runOnlyForDeploymentPostprocessing = 0;
		};
		C44943262A3EA661007ED5FD /* Resources */ = {
			isa = PBXResourcesBuildPhase;
			buildActionMask = 2147483647;
			files = (
			);
			runOnlyForDeploymentPostprocessing = 0;
		};
		C44943302A3EA661007ED5FD /* Resources */ = {
			isa = PBXResourcesBuildPhase;
			buildActionMask = 2147483647;
			files = (
			);
			runOnlyForDeploymentPostprocessing = 0;
		};
/* End PBXResourcesBuildPhase section */

/* Begin PBXSourcesBuildPhase section */
		C449430E2A3EA660007ED5FD /* Sources */ = {
			isa = PBXSourcesBuildPhase;
			buildActionMask = 2147483647;
			files = (
				C449431A2A3EA660007ED5FD /* ViewController.swift in Sources */,
				C44943162A3EA660007ED5FD /* AppDelegate.swift in Sources */,
				C44943182A3EA660007ED5FD /* SceneDelegate.swift in Sources */,
			);
			runOnlyForDeploymentPostprocessing = 0;
		};
		C44943242A3EA661007ED5FD /* Sources */ = {
			isa = PBXSourcesBuildPhase;
			buildActionMask = 2147483647;
			files = (
				C449432D2A3EA661007ED5FD /* Our_RatingTests.swift in Sources */,
			);
			runOnlyForDeploymentPostprocessing = 0;
		};
		C449432E2A3EA661007ED5FD /* Sources */ = {
			isa = PBXSourcesBuildPhase;
			buildActionMask = 2147483647;
			files = (
				C44943392A3EA661007ED5FD /* Our_RatingUITestsLaunchTests.swift in Sources */,
				C44943372A3EA661007ED5FD /* Our_RatingUITests.swift in Sources */,
			);
			runOnlyForDeploymentPostprocessing = 0;
		};
/* End PBXSourcesBuildPhase section */

/* Begin PBXTargetDependency section */
		C449432A2A3EA661007ED5FD /* PBXTargetDependency */ = {
			isa = PBXTargetDependency;
			target = C44943112A3EA660007ED5FD /* Our_Rating */;
			targetProxy = C44943292A3EA661007ED5FD /* PBXContainerItemProxy */;
		};
		C44943342A3EA661007ED5FD /* PBXTargetDependency */ = {
			isa = PBXTargetDependency;
			target = C44943112A3EA660007ED5FD /* Our_Rating */;
			targetProxy = C44943332A3EA661007ED5FD /* PBXContainerItemProxy */;
		};
/* End PBXTargetDependency section */

/* Begin PBXVariantGroup section */
		C449431B2A3EA660007ED5FD /* Main.storyboard */ = {
			isa = PBXVariantGroup;
			children = (
				C449431C2A3EA660007ED5FD /* Base */,
			);
			name = Main.storyboard;
			sourceTree = "<group>";
		};
		C44943202A3EA661007ED5FD /* LaunchScreen.storyboard */ = {
			isa = PBXVariantGroup;
			children = (
				C44943212A3EA661007ED5FD /* Base */,
			);
			name = LaunchScreen.storyboard;
			sourceTree = "<group>";
		};
/* End PBXVariantGroup section */

/* Begin XCBuildConfiguration section */
		C449433A2A3EA661007ED5FD /* Debug */ = {
			isa = XCBuildConfiguration;
			buildSettings = {
				ALWAYS_SEARCH_USER_PATHS = NO;
				CLANG_ANALYZER_NONNULL = YES;
				CLANG_ANALYZER_NUMBER_OBJECT_CONVERSION = YES_AGGRESSIVE;
				CLANG_CXX_LANGUAGE_STANDARD = "gnu++20";
				CLANG_ENABLE_MODULES = YES;
				CLANG_ENABLE_OBJC_ARC = YES;
				CLANG_ENABLE_OBJC_WEAK = YES;
				CLANG_WARN_BLOCK_CAPTURE_AUTORELEASING = YES;
				CLANG_WARN_BOOL_CONVERSION = YES;
				CLANG_WARN_COMMA = YES;
				CLANG_WARN_CONSTANT_CONVERSION = YES;
				CLANG_WARN_DEPRECATED_OBJC_IMPLEMENTATIONS = YES;
				CLANG_WARN_DIRECT_OBJC_ISA_USAGE = YES_ERROR;
				CLANG_WARN_DOCUMENTATION_COMMENTS = YES;
				CLANG_WARN_EMPTY_BODY = YES;
				CLANG_WARN_ENUM_CONVERSION = YES;
				CLANG_WARN_INFINITE_RECURSION = YES;
				CLANG_WARN_INT_CONVERSION = YES;
				CLANG_WARN_NON_LITERAL_NULL_CONVERSION = YES;
				CLANG_WARN_OBJC_IMPLICIT_RETAIN_SELF = YES;
				CLANG_WARN_OBJC_LITERAL_CONVERSION = YES;
				CLANG_WARN_OBJC_ROOT_CLASS = YES_ERROR;
				CLANG_WARN_QUOTED_INCLUDE_IN_FRAMEWORK_HEADER = YES;
				CLANG_WARN_RANGE_LOOP_ANALYSIS = YES;
				CLANG_WARN_STRICT_PROTOTYPES = YES;
				CLANG_WARN_SUSPICIOUS_MOVE = YES;
				CLANG_WARN_UNGUARDED_AVAILABILITY = YES_AGGRESSIVE;
				CLANG_WARN_UNREACHABLE_CODE = YES;
				CLANG_WARN__DUPLICATE_METHOD_MATCH = YES;
				COPY_PHASE_STRIP = NO;
				DEBUG_INFORMATION_FORMAT = dwarf;
				ENABLE_STRICT_OBJC_MSGSEND = YES;
				ENABLE_TESTABILITY = YES;
				GCC_C_LANGUAGE_STANDARD = gnu11;
				GCC_DYNAMIC_NO_PIC = NO;
				GCC_NO_COMMON_BLOCKS = YES;
				GCC_OPTIMIZATION_LEVEL = 0;
				GCC_PREPROCESSOR_DEFINITIONS = (
					"DEBUG=1",
					"$(inherited)",
				);
				GCC_WARN_64_TO_32_BIT_CONVERSION = YES;
				GCC_WARN_ABOUT_RETURN_TYPE = YES_ERROR;
				GCC_WARN_UNDECLARED_SELECTOR = YES;
				GCC_WARN_UNINITIALIZED_AUTOS = YES_AGGRESSIVE;
				GCC_WARN_UNUSED_FUNCTION = YES;
				GCC_WARN_UNUSED_VARIABLE = YES;
				IPHONEOS_DEPLOYMENT_TARGET = 16.4;
				MTL_ENABLE_DEBUG_INFO = INCLUDE_SOURCE;
				MTL_FAST_MATH = YES;
				ONLY_ACTIVE_ARCH = YES;
				SDKROOT = iphoneos;
				SWIFT_ACTIVE_COMPILATION_CONDITIONS = DEBUG;
				SWIFT_OPTIMIZATION_LEVEL = "-Onone";
			};
			name = Debug;
		};
		C449433B2A3EA661007ED5FD /* Release */ = {
			isa = XCBuildConfiguration;
			buildSettings = {
				ALWAYS_SEARCH_USER_PATHS = NO;
				CLANG_ANALYZER_NONNULL = YES;
				CLANG_ANALYZER_NUMBER_OBJECT_CONVERSION = YES_AGGRESSIVE;
				CLANG_CXX_LANGUAGE_STANDARD = "gnu++20";
				CLANG_ENABLE_MODULES = YES;
				CLANG_ENABLE_OBJC_ARC = YES;
				CLANG_ENABLE_OBJC_WEAK = YES;
				CLANG_WARN_BLOCK_CAPTURE_AUTORELEASING = YES;
				CLANG_WARN_BOOL_CONVERSION = YES;
				CLANG_WARN_COMMA = YES;
				CLANG_WARN_CONSTANT_CONVERSION = YES;
				CLANG_WARN_DEPRECATED_OBJC_IMPLEMENTATIONS = YES;
				CLANG_WARN_DIRECT_OBJC_ISA_USAGE = YES_ERROR;
				CLANG_WARN_DOCUMENTATION_COMMENTS = YES;
				CLANG_WARN_EMPTY_BODY = YES;
				CLANG_WARN_ENUM_CONVERSION = YES;
				CLANG_WARN_INFINITE_RECURSION = YES;
				CLANG_WARN_INT_CONVERSION = YES;
				CLANG_WARN_NON_LITERAL_NULL_CONVERSION = YES;
				CLANG_WARN_OBJC_IMPLICIT_RETAIN_SELF = YES;
				CLANG_WARN_OBJC_LITERAL_CONVERSION = YES;
				CLANG_WARN_OBJC_ROOT_CLASS = YES_ERROR;
				CLANG_WARN_QUOTED_INCLUDE_IN_FRAMEWORK_HEADER = YES;
				CLANG_WARN_RANGE_LOOP_ANALYSIS = YES;
				CLANG_WARN_STRICT_PROTOTYPES = YES;
				CLANG_WARN_SUSPICIOUS_MOVE = YES;
				CLANG_WARN_UNGUARDED_AVAILABILITY = YES_AGGRESSIVE;
				CLANG_WARN_UNREACHABLE_CODE = YES;
				CLANG_WARN__DUPLICATE_METHOD_MATCH = YES;
				COPY_PHASE_STRIP = NO;
				DEBUG_INFORMATION_FORMAT = "dwarf-with-dsym";
				ENABLE_NS_ASSERTIONS = NO;
				ENABLE_STRICT_OBJC_MSGSEND = YES;
				GCC_C_LANGUAGE_STANDARD = gnu11;
				GCC_NO_COMMON_BLOCKS = YES;
				GCC_WARN_64_TO_32_BIT_CONVERSION = YES;
				GCC_WARN_ABOUT_RETURN_TYPE = YES_ERROR;
				GCC_WARN_UNDECLARED_SELECTOR = YES;
				GCC_WARN_UNINITIALIZED_AUTOS = YES_AGGRESSIVE;
				GCC_WARN_UNUSED_FUNCTION = YES;
				GCC_WARN_UNUSED_VARIABLE = YES;
				IPHONEOS_DEPLOYMENT_TARGET = 16.4;
				MTL_ENABLE_DEBUG_INFO = NO;
				MTL_FAST_MATH = YES;
				SDKROOT = iphoneos;
				SWIFT_COMPILATION_MODE = wholemodule;
				SWIFT_OPTIMIZATION_LEVEL = "-O";
				VALIDATE_PRODUCT = YES;
			};
			name = Release;
		};
		C449433D2A3EA661007ED5FD /* Debug */ = {
			isa = XCBuildConfiguration;
			buildSettings = {
				ASSETCATALOG_COMPILER_APPICON_NAME = AppIcon;
				ASSETCATALOG_COMPILER_GLOBAL_ACCENT_COLOR_NAME = AccentColor;
				CODE_SIGN_STYLE = Automatic;
				CURRENT_PROJECT_VERSION = 1;
				GENERATE_INFOPLIST_FILE = YES;
				INFOPLIST_FILE = Our_Rating/Info.plist;
				INFOPLIST_KEY_UIApplicationSupportsIndirectInputEvents = YES;
				INFOPLIST_KEY_UILaunchStoryboardName = LaunchScreen;
				INFOPLIST_KEY_UIMainStoryboardFile = Main;
				INFOPLIST_KEY_UISupportedInterfaceOrientations_iPad = "UIInterfaceOrientationPortrait UIInterfaceOrientationPortraitUpsideDown UIInterfaceOrientationLandscapeLeft UIInterfaceOrientationLandscapeRight";
				INFOPLIST_KEY_UISupportedInterfaceOrientations_iPhone = "UIInterfaceOrientationPortrait UIInterfaceOrientationLandscapeLeft UIInterfaceOrientationLandscapeRight";
				LD_RUNPATH_SEARCH_PATHS = (
					"$(inherited)",
					"@executable_path/Frameworks",
				);
				MARKETING_VERSION = 1.0;
				PRODUCT_BUNDLE_IDENTIFIER = "-.Our-Rating";
				PRODUCT_NAME = "$(TARGET_NAME)";
				SWIFT_EMIT_LOC_STRINGS = YES;
				SWIFT_VERSION = 5.0;
				TARGETED_DEVICE_FAMILY = "1,2";
			};
			name = Debug;
		};
		C449433E2A3EA661007ED5FD /* Release */ = {
			isa = XCBuildConfiguration;
			buildSettings = {
				ASSETCATALOG_COMPILER_APPICON_NAME = AppIcon;
				ASSETCATALOG_COMPILER_GLOBAL_ACCENT_COLOR_NAME = AccentColor;
				CODE_SIGN_STYLE = Automatic;
				CURRENT_PROJECT_VERSION = 1;
				GENERATE_INFOPLIST_FILE = YES;
				INFOPLIST_FILE = Our_Rating/Info.plist;
				INFOPLIST_KEY_UIApplicationSupportsIndirectInputEvents = YES;
				INFOPLIST_KEY_UILaunchStoryboardName = LaunchScreen;
				INFOPLIST_KEY_UIMainStoryboardFile = Main;
				INFOPLIST_KEY_UISupportedInterfaceOrientations_iPad = "UIInterfaceOrientationPortrait UIInterfaceOrientationPortraitUpsideDown UIInterfaceOrientationLandscapeLeft UIInterfaceOrientationLandscapeRight";
				INFOPLIST_KEY_UISupportedInterfaceOrientations_iPhone = "UIInterfaceOrientationPortrait UIInterfaceOrientationLandscapeLeft UIInterfaceOrientationLandscapeRight";
				LD_RUNPATH_SEARCH_PATHS = (
					"$(inherited)",
					"@executable_path/Frameworks",
				);
				MARKETING_VERSION = 1.0;
				PRODUCT_BUNDLE_IDENTIFIER = "-.Our-Rating";
				PRODUCT_NAME = "$(TARGET_NAME)";
				SWIFT_EMIT_LOC_STRINGS = YES;
				SWIFT_VERSION = 5.0;
				TARGETED_DEVICE_FAMILY = "1,2";
			};
			name = Release;
		};
		C44943402A3EA661007ED5FD /* Debug */ = {
			isa = XCBuildConfiguration;
			buildSettings = {
				ALWAYS_EMBED_SWIFT_STANDARD_LIBRARIES = YES;
				BUNDLE_LOADER = "$(TEST_HOST)";
				CODE_SIGN_STYLE = Automatic;
				CURRENT_PROJECT_VERSION = 1;
				GENERATE_INFOPLIST_FILE = YES;
				IPHONEOS_DEPLOYMENT_TARGET = 16.4;
				MARKETING_VERSION = 1.0;
				PRODUCT_BUNDLE_IDENTIFIER = "-.Our-RatingTests";
				PRODUCT_NAME = "$(TARGET_NAME)";
				SWIFT_EMIT_LOC_STRINGS = NO;
				SWIFT_VERSION = 5.0;
				TARGETED_DEVICE_FAMILY = "1,2";
				TEST_HOST = "$(BUILT_PRODUCTS_DIR)/Our_Rating.app/$(BUNDLE_EXECUTABLE_FOLDER_PATH)/Our_Rating";
			};
			name = Debug;
		};
		C44943412A3EA661007ED5FD /* Release */ = {
			isa = XCBuildConfiguration;
			buildSettings = {
				ALWAYS_EMBED_SWIFT_STANDARD_LIBRARIES = YES;
				BUNDLE_LOADER = "$(TEST_HOST)";
				CODE_SIGN_STYLE = Automatic;
				CURRENT_PROJECT_VERSION = 1;
				GENERATE_INFOPLIST_FILE = YES;
				IPHONEOS_DEPLOYMENT_TARGET = 16.4;
				MARKETING_VERSION = 1.0;
				PRODUCT_BUNDLE_IDENTIFIER = "-.Our-RatingTests";
				PRODUCT_NAME = "$(TARGET_NAME)";
				SWIFT_EMIT_LOC_STRINGS = NO;
				SWIFT_VERSION = 5.0;
				TARGETED_DEVICE_FAMILY = "1,2";
				TEST_HOST = "$(BUILT_PRODUCTS_DIR)/Our_Rating.app/$(BUNDLE_EXECUTABLE_FOLDER_PATH)/Our_Rating";
			};
			name = Release;
		};
		C44943432A3EA661007ED5FD /* Debug */ = {
			isa = XCBuildConfiguration;
			buildSettings = {
				ALWAYS_EMBED_SWIFT_STANDARD_LIBRARIES = YES;
				CODE_SIGN_STYLE = Automatic;
				CURRENT_PROJECT_VERSION = 1;
				GENERATE_INFOPLIST_FILE = YES;
				MARKETING_VERSION = 1.0;
				PRODUCT_BUNDLE_IDENTIFIER = "-.Our-RatingUITests";
				PRODUCT_NAME = "$(TARGET_NAME)";
				SWIFT_EMIT_LOC_STRINGS = NO;
				SWIFT_VERSION = 5.0;
				TARGETED_DEVICE_FAMILY = "1,2";
				TEST_TARGET_NAME = Our_Rating;
			};
			name = Debug;
		};
		C44943442A3EA661007ED5FD /* Release */ = {
			isa = XCBuildConfiguration;
			buildSettings = {
				ALWAYS_EMBED_SWIFT_STANDARD_LIBRARIES = YES;
				CODE_SIGN_STYLE = Automatic;
				CURRENT_PROJECT_VERSION = 1;
				GENERATE_INFOPLIST_FILE = YES;
				MARKETING_VERSION = 1.0;
				PRODUCT_BUNDLE_IDENTIFIER = "-.Our-RatingUITests";
				PRODUCT_NAME = "$(TARGET_NAME)";
				SWIFT_EMIT_LOC_STRINGS = NO;
				SWIFT_VERSION = 5.0;
				TARGETED_DEVICE_FAMILY = "1,2";
				TEST_TARGET_NAME = Our_Rating;
			};
			name = Release;
		};
/* End XCBuildConfiguration section */

/* Begin XCConfigurationList section */
		C449430D2A3EA660007ED5FD /* Build configuration list for PBXProject "Our_Rating" */ = {
			isa = XCConfigurationList;
			buildConfigurations = (
				C449433A2A3EA661007ED5FD /* Debug */,
				C449433B2A3EA661007ED5FD /* Release */,
			);
			defaultConfigurationIsVisible = 0;
			defaultConfigurationName = Release;
		};
		C449433C2A3EA661007ED5FD /* Build configuration list for PBXNativeTarget "Our_Rating" */ = {
			isa = XCConfigurationList;
			buildConfigurations = (
				C449433D2A3EA661007ED5FD /* Debug */,
				C449433E2A3EA661007ED5FD /* Release */,
			);
			defaultConfigurationIsVisible = 0;
			defaultConfigurationName = Release;
		};
		C449433F2A3EA661007ED5FD /* Build configuration list for PBXNativeTarget "Our_RatingTests" */ = {
			isa = XCConfigurationList;
			buildConfigurations = (
				C44943402A3EA661007ED5FD /* Debug */,
				C44943412A3EA661007ED5FD /* Release */,
			);
			defaultConfigurationIsVisible = 0;
			defaultConfigurationName = Release;
		};
		C44943422A3EA661007ED5FD /* Build configuration list for PBXNativeTarget "Our_RatingUITests" */ = {
			isa = XCConfigurationList;
			buildConfigurations = (
				C44943432A3EA661007ED5FD /* Debug */,
				C44943442A3EA661007ED5FD /* Release */,
			);
			defaultConfigurationIsVisible = 0;
			defaultConfigurationName = Release;
		};
/* End XCConfigurationList section */
	};
	rootObject = C449430A2A3EA660007ED5FD /* Project object */;
}
